
Microsoft Visual Studio Solution File, Format Version 12.00
# Visual Studio Version 17
VisualStudioVersion = 17.13.35931.197 d17.13
MinimumVisualStudioVersion = 10.0.40219.1
Project("{FAE04EC0-301F-11D3-BF4B-00C04F79EFBC}") = "schedule-mvc", "schedule-mvc.csproj", "{AC103863-7D7E-4A55-B3A0-364D14CD7ED3}"
EndProject
Global
	GlobalSection(SolutionConfigurationPlatforms) = preSolution
		Debug|Any CPU = Debug|Any CPU
		Release|Any CPU = Release|Any CPU
	EndGlobalSection
	GlobalSection(ProjectConfigurationPlatforms) = postSolution
		{AC103863-7D7E-4A55-B3A0-364D14CD7ED3}.Debug|Any CPU.ActiveCfg = Debug|Any CPU
		{AC103863-7D7E-4A55-B3A0-364D14CD7ED3}.Debug|Any CPU.Build.0 = Debug|Any CPU
		{AC103863-7D7E-4A55-B3A0-364D14CD7ED3}.Release|Any CPU.ActiveCfg = Release|Any CPU
		{AC103863-7D7E-4A55-B3A0-364D14CD7ED3}.Release|Any CPU.Build.0 = Release|Any CPU
	EndGlobalSection
	GlobalSection(SolutionProperties) = preSolution
		HideSolutionNode = FALSE
	EndGlobalSection
	GlobalSection(ExtensibilityGlobals) = postSolution
		SolutionGuid = {83E5F91E-3BD8-4006-8F82-9A6714BBDCFA}
	EndGlobalSection
EndGlobal
